
Microsoft Visual Studio Solution File, Format Version 12.00
# Visual Studio Version 16
VisualStudioVersion = 16.0.30114.105
MinimumVisualStudioVersion = 10.0.40219.1
Project("{FAE04EC0-301F-11D3-BF4B-00C04F79EFBC}") = "O21Embrasures", "O21Embrasures.csproj", "{DDE3C75C-92B6-4E73-9322-687E73288584}"
EndProject
Global
	GlobalSection(SolutionConfigurationPlatforms) = preSolution
		Debug|Any CPU = Debug|Any CPU
		Release|Any CPU = Release|Any CPU
	EndGlobalSection
	GlobalSection(ProjectConfigurationPlatforms) = postSolution
		{DDE3C75C-92B6-4E73-9322-687E73288584}.Debug|Any CPU.ActiveCfg = Debug|Any CPU
		{DDE3C75C-92B6-4E73-9322-687E73288584}.Debug|Any CPU.Build.0 = Debug|Any CPU
		{DDE3C75C-92B6-4E73-9322-687E73288584}.Release|Any CPU.ActiveCfg = Release|Any CPU
		{DDE3C75C-92B6-4E73-9322-687E73288584}.Release|Any CPU.Build.0 = Release|Any CPU
	EndGlobalSection
	GlobalSection(SolutionProperties) = preSolution
		HideSolutionNode = FALSE
	EndGlobalSection
	GlobalSection(ExtensibilityGlobals) = postSolution
		SolutionGuid = {14BE237E-C073-4057-88DF-9A4C65A08498}
	EndGlobalSection
EndGlobal
